// !$*UTF8*$!
{
	archiveVersion = 1;
	classes = {
	};
	objectVersion = 46;
	objects = {

/* Begin PBXBuildFile section */
		3F0CF4711A28CAD700025DD6 /* FBShimmeringLayer.m in Sources */ = {isa = PBXBuildFile; fileRef = 3F0CF46E1A28CAD700025DD6 /* FBShimmeringLayer.m */; };
		3F0CF4721A28CAD700025DD6 /* FBShimmeringView.m in Sources */ = {isa = PBXBuildFile; fileRef = 3F0CF4701A28CAD700025DD6 /* FBShimmeringView.m */; };
		3F1FEE031A18F58A00C7FE2A /* main.m in Sources */ = {isa = PBXBuildFile; fileRef = 3F1FEE021A18F58A00C7FE2A /* main.m */; };
		3F1FEE061A18F58A00C7FE2A /* AppDelegate.m in Sources */ = {isa = PBXBuildFile; fileRef = 3F1FEE051A18F58A00C7FE2A /* AppDelegate.m */; };
		3F1FEE091A18F58A00C7FE2A /* ViewController.m in Sources */ = {isa = PBXBuildFile; fileRef = 3F1FEE081A18F58A00C7FE2A /* ViewController.m */; };
		3F1FEE0C1A18F58A00C7FE2A /* Main.storyboard in Resources */ = {isa = PBXBuildFile; fileRef = 3F1FEE0A1A18F58A00C7FE2A /* Main.storyboard */; };
		3F1FEE0E1A18F58A00C7FE2A /* Images.xcassets in Resources */ = {isa = PBXBuildFile; fileRef = 3F1FEE0D1A18F58A00C7FE2A /* Images.xcassets */; };
		3F1FEE111A18F58A00C7FE2A /* LaunchScreen.xib in Resources */ = {isa = PBXBuildFile; fileRef = 3F1FEE0F1A18F58A00C7FE2A /* LaunchScreen.xib */; };
		3F1FEE1D1A18F58A00C7FE2A /* NewsDemoTests.m in Sources */ = {isa = PBXBuildFile; fileRef = 3F1FEE1C1A18F58A00C7FE2A /* NewsDemoTests.m */; };
		3FA136441A1E3E6E00475415 /* _FBTweakBindObserver.m in Sources */ = {isa = PBXBuildFile; fileRef = 3FA1362C1A1E3E6E00475415 /* _FBTweakBindObserver.m */; };
		3FA136451A1E3E6E00475415 /* _FBTweakCategoryViewController.m in Sources */ = {isa = PBXBuildFile; fileRef = 3FA1362E1A1E3E6E00475415 /* _FBTweakCategoryViewController.m */; };
		3FA136461A1E3E6E00475415 /* _FBTweakCollectionViewController.m in Sources */ = {isa = PBXBuildFile; fileRef = 3FA136301A1E3E6E00475415 /* _FBTweakCollectionViewController.m */; };
		3FA136471A1E3E6E00475415 /* _FBTweakTableViewCell.m in Sources */ = {isa = PBXBuildFile; fileRef = 3FA136321A1E3E6E00475415 /* _FBTweakTableViewCell.m */; };
		3FA136481A1E3E6E00475415 /* FBTweak.m in Sources */ = {isa = PBXBuildFile; fileRef = 3FA136351A1E3E6E00475415 /* FBTweak.m */; };
		3FA136491A1E3E6E00475415 /* FBTweakCategory.m in Sources */ = {isa = PBXBuildFile; fileRef = 3FA136371A1E3E6E00475415 /* FBTweakCategory.m */; };
		3FA1364A1A1E3E6E00475415 /* FBTweakCollection.m in Sources */ = {isa = PBXBuildFile; fileRef = 3FA136391A1E3E6E00475415 /* FBTweakCollection.m */; };
		3FA1364B1A1E3E6E00475415 /* FBTweakInline.m in Sources */ = {isa = PBXBuildFile; fileRef = 3FA1363C1A1E3E6E00475415 /* FBTweakInline.m */; };
		3FA1364C1A1E3E6E00475415 /* FBTweakShakeWindow.m in Sources */ = {isa = PBXBuildFile; fileRef = 3FA1363F1A1E3E6E00475415 /* FBTweakShakeWindow.m */; };
		3FA1364D1A1E3E6E00475415 /* FBTweakStore.m in Sources */ = {isa = PBXBuildFile; fileRef = 3FA136411A1E3E6E00475415 /* FBTweakStore.m */; };
		3FA1364E1A1E3E6E00475415 /* FBTweakViewController.m in Sources */ = {isa = PBXBuildFile; fileRef = 3FA136431A1E3E6E00475415 /* FBTweakViewController.m */; };
		DEC372DD524C292D7DB4EAB7 /* libPods.a in Frameworks */ = {isa = PBXBuildFile; fileRef = DE968C69E775BC5D55EF3471 /* libPods.a */; };
/* End PBXBuildFile section */

/* Begin PBXContainerItemProxy section */
		3F1FEE171A18F58A00C7FE2A /* PBXContainerItemProxy */ = {
			isa = PBXContainerItemProxy;
			containerPortal = 3F1FEDF51A18F58A00C7FE2A /* Project object */;
			proxyType = 1;
			remoteGlobalIDString = 3F1FEDFC1A18F58A00C7FE2A;
			remoteInfo = NewsDemo;
		};
/* End PBXContainerItemProxy section */

/* Begin PBXFileReference section */
		3F0CF46B1A28CAD700025DD6 /* FBShimmering-Prefix.pch */ = {isa = PBXFileReference; fileEncoding = 4; lastKnownFileType = sourcecode.c.h; path = "FBShimmering-Prefix.pch"; sourceTree = "<group>"; };
		3F0CF46C1A28CAD700025DD6 /* FBShimmering.h */ = {isa = PBXFileReference; fileEncoding = 4; lastKnownFileType = sourcecode.c.h; path = FBShimmering.h; sourceTree = "<group>"; };
		3F0CF46D1A28CAD700025DD6 /* FBShimmeringLayer.h */ = {isa = PBXFileReference; fileEncoding = 4; lastKnownFileType = sourcecode.c.h; path = FBShimmeringLayer.h; sourceTree = "<group>"; };
		3F0CF46E1A28CAD700025DD6 /* FBShimmeringLayer.m */ = {isa = PBXFileReference; fileEncoding = 4; lastKnownFileType = sourcecode.c.objc; path = FBShimmeringLayer.m; sourceTree = "<group>"; };
		3F0CF46F1A28CAD700025DD6 /* FBShimmeringView.h */ = {isa = PBXFileReference; fileEncoding = 4; lastKnownFileType = sourcecode.c.h; path = FBShimmeringView.h; sourceTree = "<group>"; };
		3F0CF4701A28CAD700025DD6 /* FBShimmeringView.m */ = {isa = PBXFileReference; fileEncoding = 4; lastKnownFileType = sourcecode.c.objc; path = FBShimmeringView.m; sourceTree = "<group>"; };
		3F1FEDFD1A18F58A00C7FE2A /* NewsDemo.app */ = {isa = PBXFileReference; explicitFileType = wrapper.application; includeInIndex = 0; path = NewsDemo.app; sourceTree = BUILT_PRODUCTS_DIR; };
		3F1FEE011A18F58A00C7FE2A /* Info.plist */ = {isa = PBXFileReference; lastKnownFileType = text.plist.xml; path = Info.plist; sourceTree = "<group>"; };
		3F1FEE021A18F58A00C7FE2A /* main.m */ = {isa = PBXFileReference; lastKnownFileType = sourcecode.c.objc; path = main.m; sourceTree = "<group>"; };
		3F1FEE041A18F58A00C7FE2A /* AppDelegate.h */ = {isa = PBXFileReference; lastKnownFileType = sourcecode.c.h; path = AppDelegate.h; sourceTree = "<group>"; };
		3F1FEE051A18F58A00C7FE2A /* AppDelegate.m */ = {isa = PBXFileReference; lastKnownFileType = sourcecode.c.objc; path = AppDelegate.m; sourceTree = "<group>"; };
		3F1FEE071A18F58A00C7FE2A /* ViewController.h */ = {isa = PBXFileReference; lastKnownFileType = sourcecode.c.h; path = ViewController.h; sourceTree = "<group>"; };
		3F1FEE081A18F58A00C7FE2A /* ViewController.m */ = {isa = PBXFileReference; lastKnownFileType = sourcecode.c.objc; path = ViewController.m; sourceTree = "<group>"; };
		3F1FEE0B1A18F58A00C7FE2A /* Base */ = {isa = PBXFileReference; lastKnownFileType = file.storyboard; name = Base; path = Base.lproj/Main.storyboard; sourceTree = "<group>"; };
		3F1FEE0D1A18F58A00C7FE2A /* Images.xcassets */ = {isa = PBXFileReference; lastKnownFileType = folder.assetcatalog; path = Images.xcassets; sourceTree = "<group>"; };
		3F1FEE101A18F58A00C7FE2A /* Base */ = {isa = PBXFileReference; lastKnownFileType = file.xib; name = Base; path = Base.lproj/LaunchScreen.xib; sourceTree = "<group>"; };
		3F1FEE161A18F58A00C7FE2A /* NewsDemoTests.xctest */ = {isa = PBXFileReference; explicitFileType = wrapper.cfbundle; includeInIndex = 0; path = NewsDemoTests.xctest; sourceTree = BUILT_PRODUCTS_DIR; };
		3F1FEE1B1A18F58A00C7FE2A /* Info.plist */ = {isa = PBXFileReference; lastKnownFileType = text.plist.xml; path = Info.plist; sourceTree = "<group>"; };
		3F1FEE1C1A18F58A00C7FE2A /* NewsDemoTests.m */ = {isa = PBXFileReference; lastKnownFileType = sourcecode.c.objc; path = NewsDemoTests.m; sourceTree = "<group>"; };
		3F1FEE261A18F59F00C7FE2A /* NewsDemo-Bridging-Header.h */ = {isa = PBXFileReference; lastKnownFileType = sourcecode.c.h; path = "NewsDemo-Bridging-Header.h"; sourceTree = "<group>"; };
		3FA1362B1A1E3E6E00475415 /* _FBTweakBindObserver.h */ = {isa = PBXFileReference; fileEncoding = 4; lastKnownFileType = sourcecode.c.h; path = _FBTweakBindObserver.h; sourceTree = "<group>"; };
		3FA1362C1A1E3E6E00475415 /* _FBTweakBindObserver.m */ = {isa = PBXFileReference; fileEncoding = 4; lastKnownFileType = sourcecode.c.objc; path = _FBTweakBindObserver.m; sourceTree = "<group>"; };
		3FA1362D1A1E3E6E00475415 /* _FBTweakCategoryViewController.h */ = {isa = PBXFileReference; fileEncoding = 4; lastKnownFileType = sourcecode.c.h; path = _FBTweakCategoryViewController.h; sourceTree = "<group>"; };
		3FA1362E1A1E3E6E00475415 /* _FBTweakCategoryViewController.m */ = {isa = PBXFileReference; fileEncoding = 4; lastKnownFileType = sourcecode.c.objc; path = _FBTweakCategoryViewController.m; sourceTree = "<group>"; };
		3FA1362F1A1E3E6E00475415 /* _FBTweakCollectionViewController.h */ = {isa = PBXFileReference; fileEncoding = 4; lastKnownFileType = sourcecode.c.h; path = _FBTweakCollectionViewController.h; sourceTree = "<group>"; };
		3FA136301A1E3E6E00475415 /* _FBTweakCollectionViewController.m */ = {isa = PBXFileReference; fileEncoding = 4; lastKnownFileType = sourcecode.c.objc; path = _FBTweakCollectionViewController.m; sourceTree = "<group>"; };
		3FA136311A1E3E6E00475415 /* _FBTweakTableViewCell.h */ = {isa = PBXFileReference; fileEncoding = 4; lastKnownFileType = sourcecode.c.h; path = _FBTweakTableViewCell.h; sourceTree = "<group>"; };
		3FA136321A1E3E6E00475415 /* _FBTweakTableViewCell.m */ = {isa = PBXFileReference; fileEncoding = 4; lastKnownFileType = sourcecode.c.objc; path = _FBTweakTableViewCell.m; sourceTree = "<group>"; };
		3FA136331A1E3E6E00475415 /* FBTweak-Prefix.pch */ = {isa = PBXFileReference; fileEncoding = 4; lastKnownFileType = sourcecode.c.h; path = "FBTweak-Prefix.pch"; sourceTree = "<group>"; };
		3FA136341A1E3E6E00475415 /* FBTweak.h */ = {isa = PBXFileReference; fileEncoding = 4; lastKnownFileType = sourcecode.c.h; path = FBTweak.h; sourceTree = "<group>"; };
		3FA136351A1E3E6E00475415 /* FBTweak.m */ = {isa = PBXFileReference; fileEncoding = 4; lastKnownFileType = sourcecode.c.objc; path = FBTweak.m; sourceTree = "<group>"; };
		3FA136361A1E3E6E00475415 /* FBTweakCategory.h */ = {isa = PBXFileReference; fileEncoding = 4; lastKnownFileType = sourcecode.c.h; path = FBTweakCategory.h; sourceTree = "<group>"; };
		3FA136371A1E3E6E00475415 /* FBTweakCategory.m */ = {isa = PBXFileReference; fileEncoding = 4; lastKnownFileType = sourcecode.c.objc; path = FBTweakCategory.m; sourceTree = "<group>"; };
		3FA136381A1E3E6E00475415 /* FBTweakCollection.h */ = {isa = PBXFileReference; fileEncoding = 4; lastKnownFileType = sourcecode.c.h; path = FBTweakCollection.h; sourceTree = "<group>"; };
		3FA136391A1E3E6E00475415 /* FBTweakCollection.m */ = {isa = PBXFileReference; fileEncoding = 4; lastKnownFileType = sourcecode.c.objc; path = FBTweakCollection.m; sourceTree = "<group>"; };
		3FA1363A1A1E3E6E00475415 /* FBTweakEnabled.h */ = {isa = PBXFileReference; fileEncoding = 4; lastKnownFileType = sourcecode.c.h; path = FBTweakEnabled.h; sourceTree = "<group>"; };
		3FA1363B1A1E3E6E00475415 /* FBTweakInline.h */ = {isa = PBXFileReference; fileEncoding = 4; lastKnownFileType = sourcecode.c.h; path = FBTweakInline.h; sourceTree = "<group>"; };
		3FA1363C1A1E3E6E00475415 /* FBTweakInline.m */ = {isa = PBXFileReference; fileEncoding = 4; lastKnownFileType = sourcecode.c.objc; path = FBTweakInline.m; sourceTree = "<group>"; };
		3FA1363D1A1E3E6E00475415 /* FBTweakInlineInternal.h */ = {isa = PBXFileReference; fileEncoding = 4; lastKnownFileType = sourcecode.c.h; path = FBTweakInlineInternal.h; sourceTree = "<group>"; };
		3FA1363E1A1E3E6E00475415 /* FBTweakShakeWindow.h */ = {isa = PBXFileReference; fileEncoding = 4; lastKnownFileType = sourcecode.c.h; path = FBTweakShakeWindow.h; sourceTree = "<group>"; };
		3FA1363F1A1E3E6E00475415 /* FBTweakShakeWindow.m */ = {isa = PBXFileReference; fileEncoding = 4; lastKnownFileType = sourcecode.c.objc; path = FBTweakShakeWindow.m; sourceTree = "<group>"; };
		3FA136401A1E3E6E00475415 /* FBTweakStore.h */ = {isa = PBXFileReference; fileEncoding = 4; lastKnownFileType = sourcecode.c.h; path = FBTweakStore.h; sourceTree = "<group>"; };
		3FA136411A1E3E6E00475415 /* FBTweakStore.m */ = {isa = PBXFileReference; fileEncoding = 4; lastKnownFileType = sourcecode.c.objc; path = FBTweakStore.m; sourceTree = "<group>"; };
		3FA136421A1E3E6E00475415 /* FBTweakViewController.h */ = {isa = PBXFileReference; fileEncoding = 4; lastKnownFileType = sourcecode.c.h; path = FBTweakViewController.h; sourceTree = "<group>"; };
		3FA136431A1E3E6E00475415 /* FBTweakViewController.m */ = {isa = PBXFileReference; fileEncoding = 4; lastKnownFileType = sourcecode.c.objc; path = FBTweakViewController.m; sourceTree = "<group>"; };
		6D733D7931EC9707DAF79217 /* Pods.debug.xcconfig */ = {isa = PBXFileReference; includeInIndex = 1; lastKnownFileType = text.xcconfig; name = Pods.debug.xcconfig; path = "Pods/Target Support Files/Pods/Pods.debug.xcconfig"; sourceTree = "<group>"; };
		DE968C69E775BC5D55EF3471 /* libPods.a */ = {isa = PBXFileReference; explicitFileType = archive.ar; includeInIndex = 0; path = libPods.a; sourceTree = BUILT_PRODUCTS_DIR; };
		EE7DE7E56BFA8253257440A6 /* Pods.release.xcconfig */ = {isa = PBXFileReference; includeInIndex = 1; lastKnownFileType = text.xcconfig; name = Pods.release.xcconfig; path = "Pods/Target Support Files/Pods/Pods.release.xcconfig"; sourceTree = "<group>"; };
/* End PBXFileReference section */

/* Begin PBXFrameworksBuildPhase section */
		3F1FEDFA1A18F58A00C7FE2A /* Frameworks */ = {
			isa = PBXFrameworksBuildPhase;
			buildActionMask = 2147483647;
			files = (
				DEC372DD524C292D7DB4EAB7 /* libPods.a in Frameworks */,
			);
			runOnlyForDeploymentPostprocessing = 0;
		};
		3F1FEE131A18F58A00C7FE2A /* Frameworks */ = {
			isa = PBXFrameworksBuildPhase;
			buildActionMask = 2147483647;
			files = (
			);
			runOnlyForDeploymentPostprocessing = 0;
		};
/* End PBXFrameworksBuildPhase section */

/* Begin PBXGroup section */
		3F0CF46A1A28CAD700025DD6 /* FBShimmering */ = {
			isa = PBXGroup;
			children = (
				3F0CF46B1A28CAD700025DD6 /* FBShimmering-Prefix.pch */,
				3F0CF46C1A28CAD700025DD6 /* FBShimmering.h */,
				3F0CF46D1A28CAD700025DD6 /* FBShimmeringLayer.h */,
				3F0CF46E1A28CAD700025DD6 /* FBShimmeringLayer.m */,
				3F0CF46F1A28CAD700025DD6 /* FBShimmeringView.h */,
				3F0CF4701A28CAD700025DD6 /* FBShimmeringView.m */,
			);
			path = FBShimmering;
			sourceTree = "<group>";
		};
		3F1FEDF41A18F58A00C7FE2A = {
			isa = PBXGroup;
			children = (
				3F1FEDFF1A18F58A00C7FE2A /* NewsDemo */,
				3F1FEE191A18F58A00C7FE2A /* NewsDemoTests */,
				3F1FEDFE1A18F58A00C7FE2A /* Products */,
				9C8C5F2A17A75465284AE56D /* Pods */,
				661267236C831BFFB70DD6FC /* Frameworks */,
			);
			sourceTree = "<group>";
		};
		3F1FEDFE1A18F58A00C7FE2A /* Products */ = {
			isa = PBXGroup;
			children = (
				3F1FEDFD1A18F58A00C7FE2A /* NewsDemo.app */,
				3F1FEE161A18F58A00C7FE2A /* NewsDemoTests.xctest */,
			);
			name = Products;
			sourceTree = "<group>";
		};
		3F1FEDFF1A18F58A00C7FE2A /* NewsDemo */ = {
			isa = PBXGroup;
			children = (
				3F1FEE041A18F58A00C7FE2A /* AppDelegate.h */,
				3F1FEE051A18F58A00C7FE2A /* AppDelegate.m */,
				3F1FEE071A18F58A00C7FE2A /* ViewController.h */,
				3F1FEE081A18F58A00C7FE2A /* ViewController.m */,
				3F1FEE0A1A18F58A00C7FE2A /* Main.storyboard */,
				3F1FEE0D1A18F58A00C7FE2A /* Images.xcassets */,
				3F1FEE0F1A18F58A00C7FE2A /* LaunchScreen.xib */,
				3FA136291A1E3E6E00475415 /* OpenSource */,
				3F1FEE001A18F58A00C7FE2A /* Supporting Files */,
				3F1FEE261A18F59F00C7FE2A /* NewsDemo-Bridging-Header.h */,
			);
			path = NewsDemo;
			sourceTree = "<group>";
		};
		3F1FEE001A18F58A00C7FE2A /* Supporting Files */ = {
			isa = PBXGroup;
			children = (
				3F1FEE011A18F58A00C7FE2A /* Info.plist */,
				3F1FEE021A18F58A00C7FE2A /* main.m */,
			);
			name = "Supporting Files";
			sourceTree = "<group>";
		};
		3F1FEE191A18F58A00C7FE2A /* NewsDemoTests */ = {
			isa = PBXGroup;
			children = (
				3F1FEE1C1A18F58A00C7FE2A /* NewsDemoTests.m */,
				3F1FEE1A1A18F58A00C7FE2A /* Supporting Files */,
			);
			path = NewsDemoTests;
			sourceTree = "<group>";
		};
		3F1FEE1A1A18F58A00C7FE2A /* Supporting Files */ = {
			isa = PBXGroup;
			children = (
				3F1FEE1B1A18F58A00C7FE2A /* Info.plist */,
			);
			name = "Supporting Files";
			sourceTree = "<group>";
		};
		3FA136291A1E3E6E00475415 /* OpenSource */ = {
			isa = PBXGroup;
			children = (
				3F0CF46A1A28CAD700025DD6 /* FBShimmering */,
				3FA1362A1A1E3E6E00475415 /* FBTweak */,
			);
			name = OpenSource;
			path = Vendor;
			sourceTree = "<group>";
		};
		3FA1362A1A1E3E6E00475415 /* FBTweak */ = {
			isa = PBXGroup;
			children = (
				3FA1362B1A1E3E6E00475415 /* _FBTweakBindObserver.h */,
				3FA1362C1A1E3E6E00475415 /* _FBTweakBindObserver.m */,
				3FA1362D1A1E3E6E00475415 /* _FBTweakCategoryViewController.h */,
				3FA1362E1A1E3E6E00475415 /* _FBTweakCategoryViewController.m */,
				3FA1362F1A1E3E6E00475415 /* _FBTweakCollectionViewController.h */,
				3FA136301A1E3E6E00475415 /* _FBTweakCollectionViewController.m */,
				3FA136311A1E3E6E00475415 /* _FBTweakTableViewCell.h */,
				3FA136321A1E3E6E00475415 /* _FBTweakTableViewCell.m */,
				3FA136331A1E3E6E00475415 /* FBTweak-Prefix.pch */,
				3FA136341A1E3E6E00475415 /* FBTweak.h */,
				3FA136351A1E3E6E00475415 /* FBTweak.m */,
				3FA136361A1E3E6E00475415 /* FBTweakCategory.h */,
				3FA136371A1E3E6E00475415 /* FBTweakCategory.m */,
				3FA136381A1E3E6E00475415 /* FBTweakCollection.h */,
				3FA136391A1E3E6E00475415 /* FBTweakCollection.m */,
				3FA1363A1A1E3E6E00475415 /* FBTweakEnabled.h */,
				3FA1363B1A1E3E6E00475415 /* FBTweakInline.h */,
				3FA1363C1A1E3E6E00475415 /* FBTweakInline.m */,
				3FA1363D1A1E3E6E00475415 /* FBTweakInlineInternal.h */,
				3FA1363E1A1E3E6E00475415 /* FBTweakShakeWindow.h */,
				3FA1363F1A1E3E6E00475415 /* FBTweakShakeWindow.m */,
				3FA136401A1E3E6E00475415 /* FBTweakStore.h */,
				3FA136411A1E3E6E00475415 /* FBTweakStore.m */,
				3FA136421A1E3E6E00475415 /* FBTweakViewController.h */,
				3FA136431A1E3E6E00475415 /* FBTweakViewController.m */,
			);
			path = FBTweak;
			sourceTree = "<group>";
		};
		661267236C831BFFB70DD6FC /* Frameworks */ = {
			isa = PBXGroup;
			children = (
				DE968C69E775BC5D55EF3471 /* libPods.a */,
			);
			name = Frameworks;
			sourceTree = "<group>";
		};
		9C8C5F2A17A75465284AE56D /* Pods */ = {
			isa = PBXGroup;
			children = (
				6D733D7931EC9707DAF79217 /* Pods.debug.xcconfig */,
				EE7DE7E56BFA8253257440A6 /* Pods.release.xcconfig */,
			);
			name = Pods;
			sourceTree = "<group>";
		};
/* End PBXGroup section */

/* Begin PBXNativeTarget section */
		3F1FEDFC1A18F58A00C7FE2A /* NewsDemo */ = {
			isa = PBXNativeTarget;
			buildConfigurationList = 3F1FEE201A18F58A00C7FE2A /* Build configuration list for PBXNativeTarget "NewsDemo" */;
			buildPhases = (
				5A55B6CBC40CECACE2972E36 /* Check Pods Manifest.lock */,
				3F1FEDF91A18F58A00C7FE2A /* Sources */,
				3F1FEDFA1A18F58A00C7FE2A /* Frameworks */,
				3F1FEDFB1A18F58A00C7FE2A /* Resources */,
				A65C4E6FC6D9486960A89DB4 /* Copy Pods Resources */,
			);
			buildRules = (
			);
			dependencies = (
			);
			name = NewsDemo;
			productName = NewsDemo;
			productReference = 3F1FEDFD1A18F58A00C7FE2A /* NewsDemo.app */;
			productType = "com.apple.product-type.application";
		};
		3F1FEE151A18F58A00C7FE2A /* NewsDemoTests */ = {
			isa = PBXNativeTarget;
			buildConfigurationList = 3F1FEE231A18F58A00C7FE2A /* Build configuration list for PBXNativeTarget "NewsDemoTests" */;
			buildPhases = (
				3F1FEE121A18F58A00C7FE2A /* Sources */,
				3F1FEE131A18F58A00C7FE2A /* Frameworks */,
				3F1FEE141A18F58A00C7FE2A /* Resources */,
			);
			buildRules = (
			);
			dependencies = (
				3F1FEE181A18F58A00C7FE2A /* PBXTargetDependency */,
			);
			name = NewsDemoTests;
			productName = NewsDemoTests;
			productReference = 3F1FEE161A18F58A00C7FE2A /* NewsDemoTests.xctest */;
			productType = "com.apple.product-type.bundle.unit-test";
		};
/* End PBXNativeTarget section */

/* Begin PBXProject section */
		3F1FEDF51A18F58A00C7FE2A /* Project object */ = {
			isa = PBXProject;
			attributes = {
				LastUpgradeCheck = 0610;
				ORGANIZATIONNAME = "百度时代网络技术(北京)有限公司";
				TargetAttributes = {
					3F1FEDFC1A18F58A00C7FE2A = {
						CreatedOnToolsVersion = 6.1;
					};
					3F1FEE151A18F58A00C7FE2A = {
						CreatedOnToolsVersion = 6.1;
						TestTargetID = 3F1FEDFC1A18F58A00C7FE2A;
					};
				};
			};
			buildConfigurationList = 3F1FEDF81A18F58A00C7FE2A /* Build configuration list for PBXProject "NewsDemo" */;
			compatibilityVersion = "Xcode 3.2";
			developmentRegion = English;
			hasScannedForEncodings = 0;
			knownRegions = (
				en,
				Base,
			);
			mainGroup = 3F1FEDF41A18F58A00C7FE2A;
			productRefGroup = 3F1FEDFE1A18F58A00C7FE2A /* Products */;
			projectDirPath = "";
			projectRoot = "";
			targets = (
				3F1FEDFC1A18F58A00C7FE2A /* NewsDemo */,
				3F1FEE151A18F58A00C7FE2A /* NewsDemoTests */,
			);
		};
/* End PBXProject section */

/* Begin PBXResourcesBuildPhase section */
		3F1FEDFB1A18F58A00C7FE2A /* Resources */ = {
			isa = PBXResourcesBuildPhase;
			buildActionMask = 2147483647;
			files = (
				3F1FEE0C1A18F58A00C7FE2A /* Main.storyboard in Resources */,
				3F1FEE111A18F58A00C7FE2A /* LaunchScreen.xib in Resources */,
				3F1FEE0E1A18F58A00C7FE2A /* Images.xcassets in Resources */,
			);
			runOnlyForDeploymentPostprocessing = 0;
		};
		3F1FEE141A18F58A00C7FE2A /* Resources */ = {
			isa = PBXResourcesBuildPhase;
			buildActionMask = 2147483647;
			files = (
			);
			runOnlyForDeploymentPostprocessing = 0;
		};
/* End PBXResourcesBuildPhase section */

/* Begin PBXShellScriptBuildPhase section */
		5A55B6CBC40CECACE2972E36 /* Check Pods Manifest.lock */ = {
			isa = PBXShellScriptBuildPhase;
			buildActionMask = 2147483647;
			files = (
			);
			inputPaths = (
			);
			name = "Check Pods Manifest.lock";
			outputPaths = (
			);
			runOnlyForDeploymentPostprocessing = 0;
			shellPath = /bin/sh;
			shellScript = "diff \"${PODS_ROOT}/../Podfile.lock\" \"${PODS_ROOT}/Manifest.lock\" > /dev/null\nif [[ $? != 0 ]] ; then\n    cat << EOM\nerror: The sandbox is not in sync with the Podfile.lock. Run 'pod install' or update your CocoaPods installation.\nEOM\n    exit 1\nfi\n";
			showEnvVarsInLog = 0;
		};
		A65C4E6FC6D9486960A89DB4 /* Copy Pods Resources */ = {
			isa = PBXShellScriptBuildPhase;
			buildActionMask = 2147483647;
			files = (
			);
			inputPaths = (
			);
			name = "Copy Pods Resources";
			outputPaths = (
			);
			runOnlyForDeploymentPostprocessing = 0;
			shellPath = /bin/sh;
			shellScript = "\"${SRCROOT}/Pods/Target Support Files/Pods/Pods-resources.sh\"\n";
			showEnvVarsInLog = 0;
		};
/* End PBXShellScriptBuildPhase section */

/* Begin PBXSourcesBuildPhase section */
		3F1FEDF91A18F58A00C7FE2A /* Sources */ = {
			isa = PBXSourcesBuildPhase;
			buildActionMask = 2147483647;
			files = (
				3FA1364A1A1E3E6E00475415 /* FBTweakCollection.m in Sources */,
				3FA1364B1A1E3E6E00475415 /* FBTweakInline.m in Sources */,
				3FA136471A1E3E6E00475415 /* _FBTweakTableViewCell.m in Sources */,
				3FA136461A1E3E6E00475415 /* _FBTweakCollectionViewController.m in Sources */,
				3FA136451A1E3E6E00475415 /* _FBTweakCategoryViewController.m in Sources */,
				3F1FEE091A18F58A00C7FE2A /* ViewController.m in Sources */,
				3F0CF4721A28CAD700025DD6 /* FBShimmeringView.m in Sources */,
				3F0CF4711A28CAD700025DD6 /* FBShimmeringLayer.m in Sources */,
				3FA1364D1A1E3E6E00475415 /* FBTweakStore.m in Sources */,
				3FA136441A1E3E6E00475415 /* _FBTweakBindObserver.m in Sources */,
				3FA1364C1A1E3E6E00475415 /* FBTweakShakeWindow.m in Sources */,
				3FA136491A1E3E6E00475415 /* FBTweakCategory.m in Sources */,
				3F1FEE061A18F58A00C7FE2A /* AppDelegate.m in Sources */,
				3F1FEE031A18F58A00C7FE2A /* main.m in Sources */,
				3FA136481A1E3E6E00475415 /* FBTweak.m in Sources */,
				3FA1364E1A1E3E6E00475415 /* FBTweakViewController.m in Sources */,
			);
			runOnlyForDeploymentPostprocessing = 0;
		};
		3F1FEE121A18F58A00C7FE2A /* Sources */ = {
			isa = PBXSourcesBuildPhase;
			buildActionMask = 2147483647;
			files = (
				3F1FEE1D1A18F58A00C7FE2A /* NewsDemoTests.m in Sources */,
			);
			runOnlyForDeploymentPostprocessing = 0;
		};
/* End PBXSourcesBuildPhase section */

/* Begin PBXTargetDependency section */
		3F1FEE181A18F58A00C7FE2A /* PBXTargetDependency */ = {
			isa = PBXTargetDependency;
			target = 3F1FEDFC1A18F58A00C7FE2A /* NewsDemo */;
			targetProxy = 3F1FEE171A18F58A00C7FE2A /* PBXContainerItemProxy */;
		};
/* End PBXTargetDependency section */

/* Begin PBXVariantGroup section */
		3F1FEE0A1A18F58A00C7FE2A /* Main.storyboard */ = {
			isa = PBXVariantGroup;
			children = (
				3F1FEE0B1A18F58A00C7FE2A /* Base */,
			);
			name = Main.storyboard;
			sourceTree = "<group>";
		};
		3F1FEE0F1A18F58A00C7FE2A /* LaunchScreen.xib */ = {
			isa = PBXVariantGroup;
			children = (
				3F1FEE101A18F58A00C7FE2A /* Base */,
			);
			name = LaunchScreen.xib;
			sourceTree = "<group>";
		};
/* End PBXVariantGroup section */

/* Begin XCBuildConfiguration section */
		3F1FEE1E1A18F58A00C7FE2A /* Debug */ = {
			isa = XCBuildConfiguration;
			buildSettings = {
				ALWAYS_SEARCH_USER_PATHS = NO;
				CLANG_CXX_LANGUAGE_STANDARD = "gnu++0x";
				CLANG_CXX_LIBRARY = "libc++";
				CLANG_ENABLE_MODULES = YES;
				CLANG_ENABLE_OBJC_ARC = YES;
				CLANG_WARN_BOOL_CONVERSION = YES;
				CLANG_WARN_CONSTANT_CONVERSION = YES;
				CLANG_WARN_DIRECT_OBJC_ISA_USAGE = YES_ERROR;
				CLANG_WARN_EMPTY_BODY = YES;
				CLANG_WARN_ENUM_CONVERSION = YES;
				CLANG_WARN_INT_CONVERSION = YES;
				CLANG_WARN_OBJC_ROOT_CLASS = YES_ERROR;
				CLANG_WARN_UNREACHABLE_CODE = YES;
				CLANG_WARN__DUPLICATE_METHOD_MATCH = YES;
				"CODE_SIGN_IDENTITY[sdk=iphoneos*]" = "iPhone Developer";
				COPY_PHASE_STRIP = NO;
				ENABLE_STRICT_OBJC_MSGSEND = YES;
				GCC_C_LANGUAGE_STANDARD = gnu99;
				GCC_DYNAMIC_NO_PIC = NO;
				GCC_OPTIMIZATION_LEVEL = 0;
				GCC_PREPROCESSOR_DEFINITIONS = (
					"DEBUG=1",
					"$(inherited)",
				);
				GCC_SYMBOLS_PRIVATE_EXTERN = NO;
				GCC_WARN_64_TO_32_BIT_CONVERSION = YES;
				GCC_WARN_ABOUT_RETURN_TYPE = YES_ERROR;
				GCC_WARN_UNDECLARED_SELECTOR = YES;
				GCC_WARN_UNINITIALIZED_AUTOS = YES_AGGRESSIVE;
				GCC_WARN_UNUSED_FUNCTION = YES;
				GCC_WARN_UNUSED_VARIABLE = YES;
				IPHONEOS_DEPLOYMENT_TARGET = 8.1;
				MTL_ENABLE_DEBUG_INFO = YES;
				ONLY_ACTIVE_ARCH = YES;
				SDKROOT = iphoneos;
			};
			name = Debug;
		};
		3F1FEE1F1A18F58A00C7FE2A /* Release */ = {
			isa = XCBuildConfiguration;
			buildSettings = {
				ALWAYS_SEARCH_USER_PATHS = NO;
				CLANG_CXX_LANGUAGE_STANDARD = "gnu++0x";
				CLANG_CXX_LIBRARY = "libc++";
				CLANG_ENABLE_MODULES = YES;
				CLANG_ENABLE_OBJC_ARC = YES;
				CLANG_WARN_BOOL_CONVERSION = YES;
				CLANG_WARN_CONSTANT_CONVERSION = YES;
				CLANG_WARN_DIRECT_OBJC_ISA_USAGE = YES_ERROR;
				CLANG_WARN_EMPTY_BODY = YES;
				CLANG_WARN_ENUM_CONVERSION = YES;
				CLANG_WARN_INT_CONVERSION = YES;
				CLANG_WARN_OBJC_ROOT_CLASS = YES_ERROR;
				CLANG_WARN_UNREACHABLE_CODE = YES;
				CLANG_WARN__DUPLICATE_METHOD_MATCH = YES;
				"CODE_SIGN_IDENTITY[sdk=iphoneos*]" = "iPhone Developer";
				COPY_PHASE_STRIP = YES;
				ENABLE_NS_ASSERTIONS = NO;
				ENABLE_STRICT_OBJC_MSGSEND = YES;
				GCC_C_LANGUAGE_STANDARD = gnu99;
				GCC_WARN_64_TO_32_BIT_CONVERSION = YES;
				GCC_WARN_ABOUT_RETURN_TYPE = YES_ERROR;
				GCC_WARN_UNDECLARED_SELECTOR = YES;
				GCC_WARN_UNINITIALIZED_AUTOS = YES_AGGRESSIVE;
				GCC_WARN_UNUSED_FUNCTION = YES;
				GCC_WARN_UNUSED_VARIABLE = YES;
				IPHONEOS_DEPLOYMENT_TARGET = 8.1;
				MTL_ENABLE_DEBUG_INFO = NO;
				SDKROOT = iphoneos;
				VALIDATE_PRODUCT = YES;
			};
			name = Release;
		};
		3F1FEE211A18F58A00C7FE2A /* Debug */ = {
			isa = XCBuildConfiguration;
			baseConfigurationReference = 6D733D7931EC9707DAF79217 /* Pods.debug.xcconfig */;
			buildSettings = {
				ASSETCATALOG_COMPILER_APPICON_NAME = AppIcon;
				ASSETCATALOG_COMPILER_LAUNCHIMAGE_NAME = LaunchImage;
				CLANG_ENABLE_MODULES = YES;
				CODE_SIGN_IDENTITY = "iPhone Developer: Cheng Li (46V2S6FN6S)";
				INFOPLIST_FILE = NewsDemo/Info.plist;
				IPHONEOS_DEPLOYMENT_TARGET = 7.0;
				LD_RUNPATH_SEARCH_PATHS = "$(inherited) @executable_path/Frameworks";
				PRODUCT_NAME = "$(TARGET_NAME)";
				PROVISIONING_PROFILE = "60deab6b-85b2-48ea-9be6-66af16656306";
				SWIFT_OBJC_BRIDGING_HEADER = "NewsDemo/NewsDemo-Bridging-Header.h";
				SWIFT_OPTIMIZATION_LEVEL = "-Onone";
			};
			name = Debug;
		};
		3F1FEE221A18F58A00C7FE2A /* Release */ = {
			isa = XCBuildConfiguration;
			baseConfigurationReference = EE7DE7E56BFA8253257440A6 /* Pods.release.xcconfig */;
			buildSettings = {
				ASSETCATALOG_COMPILER_APPICON_NAME = AppIcon;
				ASSETCATALOG_COMPILER_LAUNCHIMAGE_NAME = LaunchImage;
				CLANG_ENABLE_MODULES = YES;
				CODE_SIGN_IDENTITY = "iPhone Developer: Cheng Li (46V2S6FN6S)";
				INFOPLIST_FILE = NewsDemo/Info.plist;
				IPHONEOS_DEPLOYMENT_TARGET = 7.0;
				LD_RUNPATH_SEARCH_PATHS = "$(inherited) @executable_path/Frameworks";
				PRODUCT_NAME = "$(TARGET_NAME)";
				PROVISIONING_PROFILE = "60deab6b-85b2-48ea-9be6-66af16656306";
				SWIFT_OBJC_BRIDGING_HEADER = "NewsDemo/NewsDemo-Bridging-Header.h";
			};
			name = Release;
		};
		3F1FEE241A18F58A00C7FE2A /* Debug */ = {
			isa = XCBuildConfiguration;
			buildSettings = {
				BUNDLE_LOADER = "$(TEST_HOST)";
				FRAMEWORK_SEARCH_PATHS = (
					"$(SDKROOT)/Developer/Library/Frameworks",
					"$(inherited)",
				);
				GCC_PREPROCESSOR_DEFINITIONS = (
					"DEBUG=1",
					"$(inherited)",
				);
				INFOPLIST_FILE = NewsDemoTests/Info.plist;
				LD_RUNPATH_SEARCH_PATHS = "$(inherited) @executable_path/Frameworks @loader_path/Frameworks";
				PRODUCT_NAME = "$(TARGET_NAME)";
				TEST_HOST = "$(BUILT_PRODUCTS_DIR)/NewsDemo.app/NewsDemo";
			};
			name = Debug;
		};
		3F1FEE251A18F58A00C7FE2A /* Release */ = {
			isa = XCBuildConfiguration;
			buildSettings = {
				BUNDLE_LOADER = "$(TEST_HOST)";
				FRAMEWORK_SEARCH_PATHS = (
					"$(SDKROOT)/Developer/Library/Frameworks",
					"$(inherited)",
				);
				INFOPLIST_FILE = NewsDemoTests/Info.plist;
				LD_RUNPATH_SEARCH_PATHS = "$(inherited) @executable_path/Frameworks @loader_path/Frameworks";
				PRODUCT_NAME = "$(TARGET_NAME)";
				TEST_HOST = "$(BUILT_PRODUCTS_DIR)/NewsDemo.app/NewsDemo";
			};
			name = Release;
		};
/* End XCBuildConfiguration section */

/* Begin XCConfigurationList section */
		3F1FEDF81A18F58A00C7FE2A /* Build configuration list for PBXProject "NewsDemo" */ = {
			isa = XCConfigurationList;
			buildConfigurations = (
				3F1FEE1E1A18F58A00C7FE2A /* Debug */,
				3F1FEE1F1A18F58A00C7FE2A /* Release */,
			);
			defaultConfigurationIsVisible = 0;
			defaultConfigurationName = Release;
		};
		3F1FEE201A18F58A00C7FE2A /* Build configuration list for PBXNativeTarget "NewsDemo" */ = {
			isa = XCConfigurationList;
			buildConfigurations = (
				3F1FEE211A18F58A00C7FE2A /* Debug */,
				3F1FEE221A18F58A00C7FE2A /* Release */,
			);
			defaultConfigurationIsVisible = 0;
			defaultConfigurationName = Release;
		};
		3F1FEE231A18F58A00C7FE2A /* Build configuration list for PBXNativeTarget "NewsDemoTests" */ = {
			isa = XCConfigurationList;
			buildConfigurations = (
				3F1FEE241A18F58A00C7FE2A /* Debug */,
				3F1FEE251A18F58A00C7FE2A /* Release */,
			);
			defaultConfigurationIsVisible = 0;
			defaultConfigurationName = Release;
		};
/* End XCConfigurationList section */
	};
	rootObject = 3F1FEDF51A18F58A00C7FE2A /* Project object */;
}
